// !$*UTF8*$!
{
	archiveVersion = 1;
	classes = {
	};
	objectVersion = 48;
	objects = {

/* Begin PBXBuildFile section */
		9F1680741ECF57AC008B3B25 /* ClusterView.swift in Sources */ = {isa = PBXBuildFile; fileRef = 9F1680731ECF57AC008B3B25 /* ClusterView.swift */; };
		9F60E9691EC1357B00CB9BEC /* BikeView.swift in Sources */ = {isa = PBXBuildFile; fileRef = 9F60E9681EC1357B00CB9BEC /* BikeView.swift */; };
		9F70382F1EA835EB00DA5564 /* AppDelegate.swift in Sources */ = {isa = PBXBuildFile; fileRef = 9F70382E1EA835EB00DA5564 /* AppDelegate.swift */; };
		9F7038311EA835EB00DA5564 /* ViewController.swift in Sources */ = {isa = PBXBuildFile; fileRef = 9F7038301EA835EB00DA5564 /* ViewController.swift */; };
		9F7038341EA835EB00DA5564 /* Main.storyboard in Resources */ = {isa = PBXBuildFile; fileRef = 9F7038321EA835EB00DA5564 /* Main.storyboard */; };
		9F7038361EA835EB00DA5564 /* Assets.xcassets in Resources */ = {isa = PBXBuildFile; fileRef = 9F7038351EA835EB00DA5564 /* Assets.xcassets */; };
		9F7038391EA835EB00DA5564 /* LaunchScreen.storyboard in Resources */ = {isa = PBXBuildFile; fileRef = 9F7038371EA835EB00DA5564 /* LaunchScreen.storyboard */; };
		9FB957471ECF67850080CB0C /* Data.plist in Resources */ = {isa = PBXBuildFile; fileRef = 9FB957461ECF67850080CB0C /* Data.plist */; };
		9FC208D41EBA94A100DAD70E /* Bike.swift in Sources */ = {isa = PBXBuildFile; fileRef = 9FC208D31EBA94A100DAD70E /* Bike.swift */; };
/* End PBXBuildFile section */

/* Begin PBXFileReference section */
		10A329974D3AAF685A59CEA5 /* SampleCode.xcconfig */ = {isa = PBXFileReference; includeInIndex = 1; lastKnownFileType = text.xcconfig; name = SampleCode.xcconfig; path = Configuration/SampleCode.xcconfig; sourceTree = "<group>"; };
		967A47B590BCA33A3C9CC48B /* LICENSE.txt */ = {isa = PBXFileReference; includeInIndex = 1; lastKnownFileType = text; path = LICENSE.txt; sourceTree = "<group>"; };
		9F1680731ECF57AC008B3B25 /* ClusterView.swift */ = {isa = PBXFileReference; lastKnownFileType = sourcecode.swift; path = ClusterView.swift; sourceTree = "<group>"; };
		9F60E9681EC1357B00CB9BEC /* BikeView.swift */ = {isa = PBXFileReference; lastKnownFileType = sourcecode.swift; path = BikeView.swift; sourceTree = "<group>"; };
		9F70382B1EA835EB00DA5564 /* Tandm.app */ = {isa = PBXFileReference; explicitFileType = wrapper.application; includeInIndex = 0; path = Tandm.app; sourceTree = BUILT_PRODUCTS_DIR; };
		9F70382E1EA835EB00DA5564 /* AppDelegate.swift */ = {isa = PBXFileReference; lastKnownFileType = sourcecode.swift; path = AppDelegate.swift; sourceTree = "<group>"; };
		9F7038301EA835EB00DA5564 /* ViewController.swift */ = {isa = PBXFileReference; lastKnownFileType = sourcecode.swift; path = ViewController.swift; sourceTree = "<group>"; };
		9F7038331EA835EB00DA5564 /* Base */ = {isa = PBXFileReference; lastKnownFileType = file.storyboard; name = Base; path = Base.lproj/Main.storyboard; sourceTree = "<group>"; };
		9F7038351EA835EB00DA5564 /* Assets.xcassets */ = {isa = PBXFileReference; lastKnownFileType = folder.assetcatalog; path = Assets.xcassets; sourceTree = "<group>"; };
		9F7038381EA835EB00DA5564 /* Base */ = {isa = PBXFileReference; lastKnownFileType = file.storyboard; name = Base; path = Base.lproj/LaunchScreen.storyboard; sourceTree = "<group>"; };
		9F70383A1EA835EB00DA5564 /* Info.plist */ = {isa = PBXFileReference; lastKnownFileType = text.plist.xml; path = Info.plist; sourceTree = "<group>"; };
		9F90FE8A1ED4E1C5003B1E35 /* README.md */ = {isa = PBXFileReference; lastKnownFileType = net.daringfireball.markdown; path = README.md; sourceTree = "<group>"; };
		9FB957461ECF67850080CB0C /* Data.plist */ = {isa = PBXFileReference; fileEncoding = 4; lastKnownFileType = text.plist.xml; path = Data.plist; sourceTree = "<group>"; };
		9FC208D31EBA94A100DAD70E /* Bike.swift */ = {isa = PBXFileReference; lastKnownFileType = sourcecode.swift; path = Bike.swift; sourceTree = "<group>"; };
/* End PBXFileReference section */

/* Begin PBXFrameworksBuildPhase section */
		9F7038281EA835EB00DA5564 /* Frameworks */ = {
			isa = PBXFrameworksBuildPhase;
			buildActionMask = 2147483647;
			files = (
			);
			runOnlyForDeploymentPostprocessing = 0;
		};
/* End PBXFrameworksBuildPhase section */

/* Begin PBXGroup section */
		526D20F73487D7C0395CD86A /* LICENSE */ = {
			isa = PBXGroup;
			children = (
				967A47B590BCA33A3C9CC48B /* LICENSE.txt */,
			);
			path = LICENSE;
			sourceTree = "<group>";
		};
		9F7038221EA835EB00DA5564 = {
			isa = PBXGroup;
			children = (
				9F90FE8A1ED4E1C5003B1E35 /* README.md */,
				9F70382D1EA835EB00DA5564 /* Tandm */,
				9F70382C1EA835EB00DA5564 /* Products */,
				EE9754E817BAA3DAA2E42ACA /* Configuration */,
				526D20F73487D7C0395CD86A /* LICENSE */,
			);
			sourceTree = "<group>";
		};
		9F70382C1EA835EB00DA5564 /* Products */ = {
			isa = PBXGroup;
			children = (
				9F70382B1EA835EB00DA5564 /* Tandm.app */,
			);
			name = Products;
			sourceTree = "<group>";
		};
		9F70382D1EA835EB00DA5564 /* Tandm */ = {
			isa = PBXGroup;
			children = (
				9F70382E1EA835EB00DA5564 /* AppDelegate.swift */,
				9FC208D31EBA94A100DAD70E /* Bike.swift */,
				9F60E9681EC1357B00CB9BEC /* BikeView.swift */,
				9F1680731ECF57AC008B3B25 /* ClusterView.swift */,
				9F7038301EA835EB00DA5564 /* ViewController.swift */,
				9F7038321EA835EB00DA5564 /* Main.storyboard */,
				9F7038351EA835EB00DA5564 /* Assets.xcassets */,
				9F7038371EA835EB00DA5564 /* LaunchScreen.storyboard */,
				9F70383A1EA835EB00DA5564 /* Info.plist */,
				9FB957461ECF67850080CB0C /* Data.plist */,
			);
			path = Tandm;
			sourceTree = "<group>";
		};
		EE9754E817BAA3DAA2E42ACA /* Configuration */ = {
			isa = PBXGroup;
			children = (
				10A329974D3AAF685A59CEA5 /* SampleCode.xcconfig */,
			);
			name = Configuration;
			sourceTree = "<group>";
		};
/* End PBXGroup section */

/* Begin PBXNativeTarget section */
		9F70382A1EA835EB00DA5564 /* Tandm */ = {
			isa = PBXNativeTarget;
			buildConfigurationList = 9F70383D1EA835EB00DA5564 /* Build configuration list for PBXNativeTarget "Tandm" */;
			buildPhases = (
				9F7038271EA835EB00DA5564 /* Sources */,
				9F7038281EA835EB00DA5564 /* Frameworks */,
				9F7038291EA835EB00DA5564 /* Resources */,
			);
			buildRules = (
			);
			dependencies = (
			);
			name = Tandm;
			productName = Tandm;
			productReference = 9F70382B1EA835EB00DA5564 /* Tandm.app */;
			productType = "com.apple.product-type.application";
		};
/* End PBXNativeTarget section */

/* Begin PBXProject section */
		9F7038231EA835EB00DA5564 /* Project object */ = {
			isa = PBXProject;
			attributes = {
				LastSwiftUpdateCheck = 0900;
				LastUpgradeCheck = 0940;
				ORGANIZATIONNAME = Apple;
				TargetAttributes = {
					9F70382A1EA835EB00DA5564 = {
						CreatedOnToolsVersion = 9.0;
						LastSwiftMigration = 0900;
						ProvisioningStyle = Automatic;
						SystemCapabilities = {
							com.apple.Maps.iOS = {
								enabled = 1;
							};
						};
					};
				};
			};
			buildConfigurationList = 9F7038261EA835EB00DA5564 /* Build configuration list for PBXProject "Tandm" */;
			compatibilityVersion = "Xcode 8.0";
			developmentRegion = English;
			hasScannedForEncodings = 0;
			knownRegions = (
				en,
				Base,
			);
			mainGroup = 9F7038221EA835EB00DA5564;
			productRefGroup = 9F70382C1EA835EB00DA5564 /* Products */;
			projectDirPath = "";
			projectRoot = "";
			targets = (
				9F70382A1EA835EB00DA5564 /* Tandm */,
			);
		};
/* End PBXProject section */

/* Begin PBXResourcesBuildPhase section */
		9F7038291EA835EB00DA5564 /* Resources */ = {
			isa = PBXResourcesBuildPhase;
			buildActionMask = 2147483647;
			files = (
				9F7038391EA835EB00DA5564 /* LaunchScreen.storyboard in Resources */,
				9FB957471ECF67850080CB0C /* Data.plist in Resources */,
				9F7038361EA835EB00DA5564 /* Assets.xcassets in Resources */,
				9F7038341EA835EB00DA5564 /* Main.storyboard in Resources */,
			);
			runOnlyForDeploymentPostprocessing = 0;
		};
/* End PBXResourcesBuildPhase section */

/* Begin PBXSourcesBuildPhase section */
		9F7038271EA835EB00DA5564 /* Sources */ = {
			isa = PBXSourcesBuildPhase;
			buildActionMask = 2147483647;
			files = (
				9F7038311EA835EB00DA5564 /* ViewController.swift in Sources */,
				9F70382F1EA835EB00DA5564 /* AppDelegate.swift in Sources */,
				9FC208D41EBA94A100DAD70E /* Bike.swift in Sources */,
				9F1680741ECF57AC008B3B25 /* ClusterView.swift in Sources */,
				9F60E9691EC1357B00CB9BEC /* BikeView.swift in Sources */,
			);
			runOnlyForDeploymentPostprocessing = 0;
		};
/* End PBXSourcesBuildPhase section */

/* Begin PBXVariantGroup section */
		9F7038321EA835EB00DA5564 /* Main.storyboard */ = {
			isa = PBXVariantGroup;
			children = (
				9F7038331EA835EB00DA5564 /* Base */,
			);
			name = Main.storyboard;
			sourceTree = "<group>";
		};
		9F7038371EA835EB00DA5564 /* LaunchScreen.storyboard */ = {
			isa = PBXVariantGroup;
			children = (
				9F7038381EA835EB00DA5564 /* Base */,
			);
			name = LaunchScreen.storyboard;
			sourceTree = "<group>";
		};
/* End PBXVariantGroup section */

/* Begin XCBuildConfiguration section */
		9F70383B1EA835EB00DA5564 /* Debug */ = {
			isa = XCBuildConfiguration;
			baseConfigurationReference = 10A329974D3AAF685A59CEA5 /* SampleCode.xcconfig */;
			buildSettings = {
				ALWAYS_SEARCH_USER_PATHS = NO;
				CLANG_ANALYZER_NONNULL = YES;
				CLANG_ANALYZER_NUMBER_OBJECT_CONVERSION = YES_AGGRESSIVE;
				CLANG_CXX_LANGUAGE_STANDARD = "gnu++14";
				CLANG_CXX_LIBRARY = "libc++";
				CLANG_ENABLE_MODULES = YES;
				CLANG_ENABLE_OBJC_ARC = YES;
				CLANG_WARN_BLOCK_CAPTURE_AUTORELEASING = YES;
				CLANG_WARN_BOOL_CONVERSION = YES;
				CLANG_WARN_COMMA = YES;
				CLANG_WARN_CONSTANT_CONVERSION = YES;
				CLANG_WARN_DEPRECATED_OBJC_IMPLEMENTATIONS = YES;
				CLANG_WARN_DIRECT_OBJC_ISA_USAGE = YES_ERROR;
				CLANG_WARN_DOCUMENTATION_COMMENTS = YES;
				CLANG_WARN_EMPTY_BODY = YES;
				CLANG_WARN_ENUM_CONVERSION = YES;
				CLANG_WARN_INFINITE_RECURSION = YES;
				CLANG_WARN_INT_CONVERSION = YES;
				CLANG_WARN_NON_LITERAL_NULL_CONVERSION = YES;
				CLANG_WARN_OBJC_IMPLICIT_RETAIN_SELF = YES;
				CLANG_WARN_OBJC_LITERAL_CONVERSION = YES;
				CLANG_WARN_OBJC_ROOT_CLASS = YES_ERROR;
				CLANG_WARN_RANGE_LOOP_ANALYSIS = YES;
				CLANG_WARN_STRICT_PROTOTYPES = YES;
				CLANG_WARN_SUSPICIOUS_MOVE = YES;
				CLANG_WARN_UNREACHABLE_CODE = YES;
				CLANG_WARN__DUPLICATE_METHOD_MATCH = YES;
				CODE_SIGN_IDENTITY = "iPhone Developer";
				COPY_PHASE_STRIP = NO;
				DEBUG_INFORMATION_FORMAT = dwarf;
				ENABLE_STRICT_OBJC_MSGSEND = YES;
				ENABLE_TESTABILITY = YES;
				GCC_C_LANGUAGE_STANDARD = gnu11;
				GCC_DYNAMIC_NO_PIC = NO;
				GCC_NO_COMMON_BLOCKS = YES;
				GCC_OPTIMIZATION_LEVEL = 0;
				GCC_PREPROCESSOR_DEFINITIONS = (
					"DEBUG=1",
					"$(inherited)",
				);
				GCC_WARN_64_TO_32_BIT_CONVERSION = YES;
				GCC_WARN_ABOUT_RETURN_TYPE = YES_ERROR;
				GCC_WARN_UNDECLARED_SELECTOR = YES;
				GCC_WARN_UNINITIALIZED_AUTOS = YES_AGGRESSIVE;
				GCC_WARN_UNUSED_FUNCTION = YES;
				GCC_WARN_UNUSED_VARIABLE = YES;
				IPHONEOS_DEPLOYMENT_TARGET = 11.0;
				MTL_ENABLE_DEBUG_INFO = YES;
				ONLY_ACTIVE_ARCH = YES;
				SDKROOT = iphoneos;
				SWIFT_ACTIVE_COMPILATION_CONDITIONS = DEBUG;
				SWIFT_OPTIMIZATION_LEVEL = "-Onone";
			};
			name = Debug;
		};
		9F70383C1EA835EB00DA5564 /* Release */ = {
			isa = XCBuildConfiguration;
			baseConfigurationReference = 10A329974D3AAF685A59CEA5 /* SampleCode.xcconfig */;
			buildSettings = {
				ALWAYS_SEARCH_USER_PATHS = NO;
				CLANG_ANALYZER_NONNULL = YES;
				CLANG_ANALYZER_NUMBER_OBJECT_CONVERSION = YES_AGGRESSIVE;
				CLANG_CXX_LANGUAGE_STANDARD = "gnu++14";
				CLANG_CXX_LIBRARY = "libc++";
				CLANG_ENABLE_MODULES = YES;
				CLANG_ENABLE_OBJC_ARC = YES;
				CLANG_WARN_BLOCK_CAPTURE_AUTORELEASING = YES;
				CLANG_WARN_BOOL_CONVERSION = YES;
				CLANG_WARN_COMMA = YES;
				CLANG_WARN_CONSTANT_CONVERSION = YES;
				CLANG_WARN_DEPRECATED_OBJC_IMPLEMENTATIONS = YES;
				CLANG_WARN_DIRECT_OBJC_ISA_USAGE = YES_ERROR;
				CLANG_WARN_DOCUMENTATION_COMMENTS = YES;
				CLANG_WARN_EMPTY_BODY = YES;
				CLANG_WARN_ENUM_CONVERSION = YES;
				CLANG_WARN_INFINITE_RECURSION = YES;
				CLANG_WARN_INT_CONVERSION = YES;
				CLANG_WARN_NON_LITERAL_NULL_CONVERSION = YES;
				CLANG_WARN_OBJC_IMPLICIT_RETAIN_SELF = YES;
				CLANG_WARN_OBJC_LITERAL_CONVERSION = YES;
				CLANG_WARN_OBJC_ROOT_CLASS = YES_ERROR;
				CLANG_WARN_RANGE_LOOP_ANALYSIS = YES;
				CLANG_WARN_STRICT_PROTOTYPES = YES;
				CLANG_WARN_SUSPICIOUS_MOVE = YES;
				CLANG_WARN_UNREACHABLE_CODE = YES;
				CLANG_WARN__DUPLICATE_METHOD_MATCH = YES;
				CODE_SIGN_IDENTITY = "iPhone Developer";
				COPY_PHASE_STRIP = NO;
				DEBUG_INFORMATION_FORMAT = "dwarf-with-dsym";
				ENABLE_NS_ASSERTIONS = NO;
				ENABLE_STRICT_OBJC_MSGSEND = YES;
				GCC_C_LANGUAGE_STANDARD = gnu11;
				GCC_NO_COMMON_BLOCKS = YES;
				GCC_WARN_64_TO_32_BIT_CONVERSION = YES;
				GCC_WARN_ABOUT_RETURN_TYPE = YES_ERROR;
				GCC_WARN_UNDECLARED_SELECTOR = YES;
				GCC_WARN_UNINITIALIZED_AUTOS = YES_AGGRESSIVE;
				GCC_WARN_UNUSED_FUNCTION = YES;
				GCC_WARN_UNUSED_VARIABLE = YES;
				IPHONEOS_DEPLOYMENT_TARGET = 11.0;
				MTL_ENABLE_DEBUG_INFO = NO;
				SDKROOT = iphoneos;
				SWIFT_OPTIMIZATION_LEVEL = "-Owholemodule";
				VALIDATE_PRODUCT = YES;
			};
			name = Release;
		};
		9F70383E1EA835EB00DA5564 /* Debug */ = {
			isa = XCBuildConfiguration;
			baseConfigurationReference = 10A329974D3AAF685A59CEA5 /* SampleCode.xcconfig */;
			buildSettings = {
				ASSETCATALOG_COMPILER_APPICON_NAME = AppIcon;
				DEVELOPMENT_TEAM = "";
				INFOPLIST_FILE = Tandm/Info.plist;
				LD_RUNPATH_SEARCH_PATHS = "$(inherited) @executable_path/Frameworks";
				PRODUCT_BUNDLE_IDENTIFIER = "com.example.apple-samplecode.Tandm${SAMPLE_CODE_DISAMBIGUATOR}";
				PRODUCT_NAME = "$(TARGET_NAME)";
				PROVISIONING_PROFILE_SPECIFIER = "";
				SWIFT_SWIFT3_OBJC_INFERENCE = Default;
				SWIFT_VERSION = 4.0;
				TARGETED_DEVICE_FAMILY = 1;
			};
			name = Debug;
		};
		9F70383F1EA835EB00DA5564 /* Release */ = {
			isa = XCBuildConfiguration;
			baseConfigurationReference = 10A329974D3AAF685A59CEA5 /* SampleCode.xcconfig */;
			buildSettings = {
				ASSETCATALOG_COMPILER_APPICON_NAME = AppIcon;
				DEVELOPMENT_TEAM = "";
				INFOPLIST_FILE = Tandm/Info.plist;
				LD_RUNPATH_SEARCH_PATHS = "$(inherited) @executable_path/Frameworks";
				PRODUCT_BUNDLE_IDENTIFIER = "com.example.apple-samplecode.Tandm${SAMPLE_CODE_DISAMBIGUATOR}";
				PRODUCT_NAME = "$(TARGET_NAME)";
				PROVISIONING_PROFILE_SPECIFIER = "";
				SWIFT_SWIFT3_OBJC_INFERENCE = Default;
				SWIFT_VERSION = 4.0;
				TARGETED_DEVICE_FAMILY = 1;
			};
			name = Release;
		};
/* End XCBuildConfiguration section */

/* Begin XCConfigurationList section */
		9F7038261EA835EB00DA5564 /* Build configuration list for PBXProject "Tandm" */ = {
			isa = XCConfigurationList;
			buildConfigurations = (
				9F70383B1EA835EB00DA5564 /* Debug */,
				9F70383C1EA835EB00DA5564 /* Release */,
			);
			defaultConfigurationIsVisible = 0;
			defaultConfigurationName = Release;
		};
		9F70383D1EA835EB00DA5564 /* Build configuration list for PBXNativeTarget "Tandm" */ = {
			isa = XCConfigurationList;
			buildConfigurations = (
				9F70383E1EA835EB00DA5564 /* Debug */,
				9F70383F1EA835EB00DA5564 /* Release */,
			);
			defaultConfigurationIsVisible = 0;
			defaultConfigurationName = Release;
		};
/* End XCConfigurationList section */
	};
	rootObject = 9F7038231EA835EB00DA5564 /* Project object */;
}
